// !$*UTF8*$!
{
	archiveVersion = 1;
	classes = {
	};
	objectVersion = 46;
	objects = {

/* Begin PBXBuildFile section */
		86E26145C4106121DCF88AD4 /* Pods_iOSDevAPI.framework in Frameworks */ = {isa = PBXBuildFile; fileRef = 5B6995A9A14E1EC15B267988 /* Pods_iOSDevAPI.framework */; };
		FB52D2AA1F3864E900F7BDEF /* main.m in Sources */ = {isa = PBXBuildFile; fileRef = FB52D2A91F3864E900F7BDEF /* main.m */; };
		FB52D2AD1F3864E900F7BDEF /* AppDelegate.m in Sources */ = {isa = PBXBuildFile; fileRef = FB52D2AC1F3864E900F7BDEF /* AppDelegate.m */; };
		FB52D2B01F3864E900F7BDEF /* ViewController.m in Sources */ = {isa = PBXBuildFile; fileRef = FB52D2AF1F3864E900F7BDEF /* ViewController.m */; };
		FB52D2B31F3864E900F7BDEF /* Main.storyboard in Resources */ = {isa = PBXBuildFile; fileRef = FB52D2B11F3864E900F7BDEF /* Main.storyboard */; };
		FB52D2B51F3864E900F7BDEF /* Assets.xcassets in Resources */ = {isa = PBXBuildFile; fileRef = FB52D2B41F3864E900F7BDEF /* Assets.xcassets */; };
		FB52D2B81F3864E900F7BDEF /* LaunchScreen.storyboard in Resources */ = {isa = PBXBuildFile; fileRef = FB52D2B61F3864E900F7BDEF /* LaunchScreen.storyboard */; };
		FBB798361F397C9C00428F4D /* AccessToken.m in Sources */ = {isa = PBXBuildFile; fileRef = FBB798351F397C9C00428F4D /* AccessToken.m */; };
/* End PBXBuildFile section */

/* Begin PBXFileReference section */
		0DE22B33CD7765C6F4F1B9DE /* Pods-iOSDevAPI.release.xcconfig */ = {isa = PBXFileReference; includeInIndex = 1; lastKnownFileType = text.xcconfig; name = "Pods-iOSDevAPI.release.xcconfig"; path = "Pods/Target Support Files/Pods-iOSDevAPI/Pods-iOSDevAPI.release.xcconfig"; sourceTree = "<group>"; };
		133829C99F54530377BD20B4 /* Pods-iOSDevAPI.debug.xcconfig */ = {isa = PBXFileReference; includeInIndex = 1; lastKnownFileType = text.xcconfig; name = "Pods-iOSDevAPI.debug.xcconfig"; path = "Pods/Target Support Files/Pods-iOSDevAPI/Pods-iOSDevAPI.debug.xcconfig"; sourceTree = "<group>"; };
		5B6995A9A14E1EC15B267988 /* Pods_iOSDevAPI.framework */ = {isa = PBXFileReference; explicitFileType = wrapper.framework; includeInIndex = 0; path = Pods_iOSDevAPI.framework; sourceTree = BUILT_PRODUCTS_DIR; };
		FB52D2A51F3864E900F7BDEF /* iOSDevAPI.app */ = {isa = PBXFileReference; explicitFileType = wrapper.application; includeInIndex = 0; path = iOSDevAPI.app; sourceTree = BUILT_PRODUCTS_DIR; };
		FB52D2A91F3864E900F7BDEF /* main.m */ = {isa = PBXFileReference; lastKnownFileType = sourcecode.c.objc; path = main.m; sourceTree = "<group>"; };
		FB52D2AB1F3864E900F7BDEF /* AppDelegate.h */ = {isa = PBXFileReference; lastKnownFileType = sourcecode.c.h; path = AppDelegate.h; sourceTree = "<group>"; };
		FB52D2AC1F3864E900F7BDEF /* AppDelegate.m */ = {isa = PBXFileReference; lastKnownFileType = sourcecode.c.objc; path = AppDelegate.m; sourceTree = "<group>"; };
		FB52D2AE1F3864E900F7BDEF /* ViewController.h */ = {isa = PBXFileReference; lastKnownFileType = sourcecode.c.h; path = ViewController.h; sourceTree = "<group>"; };
		FB52D2AF1F3864E900F7BDEF /* ViewController.m */ = {isa = PBXFileReference; lastKnownFileType = sourcecode.c.objc; path = ViewController.m; sourceTree = "<group>"; };
		FB52D2B21F3864E900F7BDEF /* Base */ = {isa = PBXFileReference; lastKnownFileType = file.storyboard; name = Base; path = Base.lproj/Main.storyboard; sourceTree = "<group>"; };
		FB52D2B41F3864E900F7BDEF /* Assets.xcassets */ = {isa = PBXFileReference; lastKnownFileType = folder.assetcatalog; path = Assets.xcassets; sourceTree = "<group>"; };
		FB52D2B71F3864E900F7BDEF /* Base */ = {isa = PBXFileReference; lastKnownFileType = file.storyboard; name = Base; path = Base.lproj/LaunchScreen.storyboard; sourceTree = "<group>"; };
		FB52D2B91F3864E900F7BDEF /* Info.plist */ = {isa = PBXFileReference; lastKnownFileType = text.plist.xml; path = Info.plist; sourceTree = "<group>"; };
		FBB798341F397C9C00428F4D /* AccessToken.h */ = {isa = PBXFileReference; fileEncoding = 4; lastKnownFileType = sourcecode.c.h; path = AccessToken.h; sourceTree = "<group>"; };
		FBB798351F397C9C00428F4D /* AccessToken.m */ = {isa = PBXFileReference; fileEncoding = 4; lastKnownFileType = sourcecode.c.objc; path = AccessToken.m; sourceTree = "<group>"; };
/* End PBXFileReference section */

/* Begin PBXFrameworksBuildPhase section */
		FB52D2A21F3864E900F7BDEF /* Frameworks */ = {
			isa = PBXFrameworksBuildPhase;
			buildActionMask = 2147483647;
			files = (
				86E26145C4106121DCF88AD4 /* Pods_iOSDevAPI.framework in Frameworks */,
			);
			runOnlyForDeploymentPostprocessing = 0;
		};
/* End PBXFrameworksBuildPhase section */

/* Begin PBXGroup section */
		2BB1CCC149683F57AC147202 /* Pods */ = {
			isa = PBXGroup;
			children = (
				133829C99F54530377BD20B4 /* Pods-iOSDevAPI.debug.xcconfig */,
				0DE22B33CD7765C6F4F1B9DE /* Pods-iOSDevAPI.release.xcconfig */,
			);
			name = Pods;
			sourceTree = "<group>";
		};
		4C00782DA65E36C826827544 /* Frameworks */ = {
			isa = PBXGroup;
			children = (
				5B6995A9A14E1EC15B267988 /* Pods_iOSDevAPI.framework */,
			);
			name = Frameworks;
			sourceTree = "<group>";
		};
		FB52D29C1F3864E900F7BDEF = {
			isa = PBXGroup;
			children = (
				FB52D2A71F3864E900F7BDEF /* iOSDevAPI */,
				FB52D2A61F3864E900F7BDEF /* Products */,
				2BB1CCC149683F57AC147202 /* Pods */,
				4C00782DA65E36C826827544 /* Frameworks */,
			);
			sourceTree = "<group>";
		};
		FB52D2A61F3864E900F7BDEF /* Products */ = {
			isa = PBXGroup;
			children = (
				FB52D2A51F3864E900F7BDEF /* iOSDevAPI.app */,
			);
			name = Products;
			sourceTree = "<group>";
		};
		FB52D2A71F3864E900F7BDEF /* iOSDevAPI */ = {
			isa = PBXGroup;
			children = (
				FBB798371F397CAF00428F4D /* API */,
				FB52D2AB1F3864E900F7BDEF /* AppDelegate.h */,
				FB52D2AC1F3864E900F7BDEF /* AppDelegate.m */,
				FB52D2AE1F3864E900F7BDEF /* ViewController.h */,
				FB52D2AF1F3864E900F7BDEF /* ViewController.m */,
				FB52D2B11F3864E900F7BDEF /* Main.storyboard */,
				FB52D2B41F3864E900F7BDEF /* Assets.xcassets */,
				FB52D2B61F3864E900F7BDEF /* LaunchScreen.storyboard */,
				FB52D2B91F3864E900F7BDEF /* Info.plist */,
				FB52D2A81F3864E900F7BDEF /* Supporting Files */,
			);
			path = iOSDevAPI;
			sourceTree = "<group>";
		};
		FB52D2A81F3864E900F7BDEF /* Supporting Files */ = {
			isa = PBXGroup;
			children = (
				FB52D2A91F3864E900F7BDEF /* main.m */,
			);
			name = "Supporting Files";
			sourceTree = "<group>";
		};
		FBB798371F397CAF00428F4D /* API */ = {
			isa = PBXGroup;
			children = (
				FBB798341F397C9C00428F4D /* AccessToken.h */,
				FBB798351F397C9C00428F4D /* AccessToken.m */,
			);
			name = API;
			sourceTree = "<group>";
		};
/* End PBXGroup section */

/* Begin PBXNativeTarget section */
		FB52D2A41F3864E900F7BDEF /* iOSDevAPI */ = {
			isa = PBXNativeTarget;
			buildConfigurationList = FB52D2BC1F3864E900F7BDEF /* Build configuration list for PBXNativeTarget "iOSDevAPI" */;
			buildPhases = (
				6F4322E89F4B3C85DE537892 /* [CP] Check Pods Manifest.lock */,
				FB52D2A11F3864E900F7BDEF /* Sources */,
				FB52D2A21F3864E900F7BDEF /* Frameworks */,
				FB52D2A31F3864E900F7BDEF /* Resources */,
				4132D8EA48D96F06E8424BF9 /* [CP] Embed Pods Frameworks */,
				EC4E22C1C5E4380C3AABD09F /* [CP] Copy Pods Resources */,
			);
			buildRules = (
			);
			dependencies = (
			);
			name = iOSDevAPI;
			productName = iOSDevAPI;
			productReference = FB52D2A51F3864E900F7BDEF /* iOSDevAPI.app */;
			productType = "com.apple.product-type.application";
		};
/* End PBXNativeTarget section */

/* Begin PBXProject section */
		FB52D29D1F3864E900F7BDEF /* Project object */ = {
			isa = PBXProject;
			attributes = {
				LastUpgradeCheck = 0820;
				ORGANIZATIONNAME = "Vasilii Burenkov";
				TargetAttributes = {
					FB52D2A41F3864E900F7BDEF = {
						CreatedOnToolsVersion = 8.2;
						ProvisioningStyle = Automatic;
					};
				};
			};
			buildConfigurationList = FB52D2A01F3864E900F7BDEF /* Build configuration list for PBXProject "iOSDevAPI" */;
			compatibilityVersion = "Xcode 3.2";
			developmentRegion = English;
			hasScannedForEncodings = 0;
			knownRegions = (
				en,
				Base,
			);
			mainGroup = FB52D29C1F3864E900F7BDEF;
			productRefGroup = FB52D2A61F3864E900F7BDEF /* Products */;
			projectDirPath = "";
			projectRoot = "";
			targets = (
				FB52D2A41F3864E900F7BDEF /* iOSDevAPI */,
			);
		};
/* End PBXProject section */

/* Begin PBXResourcesBuildPhase section */
		FB52D2A31F3864E900F7BDEF /* Resources */ = {
			isa = PBXResourcesBuildPhase;
			buildActionMask = 2147483647;
			files = (
				FB52D2B81F3864E900F7BDEF /* LaunchScreen.storyboard in Resources */,
				FB52D2B51F3864E900F7BDEF /* Assets.xcassets in Resources */,
				FB52D2B31F3864E900F7BDEF /* Main.storyboard in Resources */,
			);
			runOnlyForDeploymentPostprocessing = 0;
		};
/* End PBXResourcesBuildPhase section */

/* Begin PBXShellScriptBuildPhase section */
		4132D8EA48D96F06E8424BF9 /* [CP] Embed Pods Frameworks */ = {
			isa = PBXShellScriptBuildPhase;
			buildActionMask = 2147483647;
			files = (
			);
			inputPaths = (
			);
			name = "[CP] Embed Pods Frameworks";
			outputPaths = (
			);
			runOnlyForDeploymentPostprocessing = 0;
			shellPath = /bin/sh;
			shellScript = "\"${SRCROOT}/Pods/Target Support Files/Pods-iOSDevAPI/Pods-iOSDevAPI-frameworks.sh\"\n";
			showEnvVarsInLog = 0;
		};
		6F4322E89F4B3C85DE537892 /* [CP] Check Pods Manifest.lock */ = {
			isa = PBXShellScriptBuildPhase;
			buildActionMask = 2147483647;
			files = (
			);
			inputPaths = (
			);
			name = "[CP] Check Pods Manifest.lock";
			outputPaths = (
			);
			runOnlyForDeploymentPostprocessing = 0;
			shellPath = /bin/sh;
			shellScript = "diff \"${PODS_PODFILE_DIR_PATH}/Podfile.lock\" \"${PODS_ROOT}/Manifest.lock\" > /dev/null\nif [ $? != 0 ] ; then\n    # print error to STDERR\n    echo \"error: The sandbox is not in sync with the Podfile.lock. Run 'pod install' or update your CocoaPods installation.\" >&2\n    exit 1\nfi\n";
			showEnvVarsInLog = 0;
		};
		EC4E22C1C5E4380C3AABD09F /* [CP] Copy Pods Resources */ = {
			isa = PBXShellScriptBuildPhase;
			buildActionMask = 2147483647;
			files = (
			);
			inputPaths = (
			);
			name = "[CP] Copy Pods Resources";
			outputPaths = (
			);
			runOnlyForDeploymentPostprocessing = 0;
			shellPath = /bin/sh;
			shellScript = "\"${SRCROOT}/Pods/Target Support Files/Pods-iOSDevAPI/Pods-iOSDevAPI-resources.sh\"\n";
			showEnvVarsInLog = 0;
		};
/* End PBXShellScriptBuildPhase section */

/* Begin PBXSourcesBuildPhase section */
		FB52D2A11F3864E900F7BDEF /* Sources */ = {
			isa = PBXSourcesBuildPhase;
			buildActionMask = 2147483647;
			files = (
				FB52D2B01F3864E900F7BDEF /* ViewController.m in Sources */,
				FB52D2AD1F3864E900F7BDEF /* AppDelegate.m in Sources */,
				FB52D2AA1F3864E900F7BDEF /* main.m in Sources */,
				FBB798361F397C9C00428F4D /* AccessToken.m in Sources */,
			);
			runOnlyForDeploymentPostprocessing = 0;
		};
/* End PBXSourcesBuildPhase section */

/* Begin PBXVariantGroup section */
		FB52D2B11F3864E900F7BDEF /* Main.storyboard */ = {
			isa = PBXVariantGroup;
			children = (
				FB52D2B21F3864E900F7BDEF /* Base */,
			);
			name = Main.storyboard;
			sourceTree = "<group>";
		};
		FB52D2B61F3864E900F7BDEF /* LaunchScreen.storyboard */ = {
			isa = PBXVariantGroup;
			children = (
				FB52D2B71F3864E900F7BDEF /* Base */,
			);
			name = LaunchScreen.storyboard;
			sourceTree = "<group>";
		};
/* End PBXVariantGroup section */

/* Begin XCBuildConfiguration section */
		FB52D2BA1F3864E900F7BDEF /* Debug */ = {
			isa = XCBuildConfiguration;
			buildSettings = {
				ALWAYS_SEARCH_USER_PATHS = NO;
				CLANG_ANALYZER_NONNULL = YES;
				CLANG_CXX_LANGUAGE_STANDARD = "gnu++0x";
				CLANG_CXX_LIBRARY = "libc++";
				CLANG_ENABLE_MODULES = YES;
				CLANG_ENABLE_OBJC_ARC = YES;
				CLANG_WARN_BOOL_CONVERSION = YES;
				CLANG_WARN_CONSTANT_CONVERSION = YES;
				CLANG_WARN_DIRECT_OBJC_ISA_USAGE = YES_ERROR;
				CLANG_WARN_DOCUMENTATION_COMMENTS = YES;
				CLANG_WARN_EMPTY_BODY = YES;
				CLANG_WARN_ENUM_CONVERSION = YES;
				CLANG_WARN_INFINITE_RECURSION = YES;
				CLANG_WARN_INT_CONVERSION = YES;
				CLANG_WARN_OBJC_ROOT_CLASS = YES_ERROR;
				CLANG_WARN_SUSPICIOUS_MOVE = YES;
				CLANG_WARN_UNREACHABLE_CODE = YES;
				CLANG_WARN__DUPLICATE_METHOD_MATCH = YES;
				"CODE_SIGN_IDENTITY[sdk=iphoneos*]" = "iPhone Developer";
				COPY_PHASE_STRIP = NO;
				DEBUG_INFORMATION_FORMAT = dwarf;
				ENABLE_STRICT_OBJC_MSGSEND = YES;
				ENABLE_TESTABILITY = YES;
				GCC_C_LANGUAGE_STANDARD = gnu99;
				GCC_DYNAMIC_NO_PIC = NO;
				GCC_NO_COMMON_BLOCKS = YES;
				GCC_OPTIMIZATION_LEVEL = 0;
				GCC_PREPROCESSOR_DEFINITIONS = (
					"DEBUG=1",
					"$(inherited)",
				);
				GCC_WARN_64_TO_32_BIT_CONVERSION = YES;
				GCC_WARN_ABOUT_RETURN_TYPE = YES_ERROR;
				GCC_WARN_UNDECLARED_SELECTOR = YES;
				GCC_WARN_UNINITIALIZED_AUTOS = YES_AGGRESSIVE;
				GCC_WARN_UNUSED_FUNCTION = YES;
				GCC_WARN_UNUSED_VARIABLE = YES;
				IPHONEOS_DEPLOYMENT_TARGET = 10.2;
				MTL_ENABLE_DEBUG_INFO = YES;
				ONLY_ACTIVE_ARCH = YES;
				SDKROOT = iphoneos;
				TARGETED_DEVICE_FAMILY = "1,2";
			};
			name = Debug;
		};
		FB52D2BB1F3864E900F7BDEF /* Release */ = {
			isa = XCBuildConfiguration;
			buildSettings = {
				ALWAYS_SEARCH_USER_PATHS = NO;
				CLANG_ANALYZER_NONNULL = YES;
				CLANG_CXX_LANGUAGE_STANDARD = "gnu++0x";
				CLANG_CXX_LIBRARY = "libc++";
				CLANG_ENABLE_MODULES = YES;
				CLANG_ENABLE_OBJC_ARC = YES;
				CLANG_WARN_BOOL_CONVERSION = YES;
				CLANG_WARN_CONSTANT_CONVERSION = YES;
				CLANG_WARN_DIRECT_OBJC_ISA_USAGE = YES_ERROR;
				CLANG_WARN_DOCUMENTATION_COMMENTS = YES;
				CLANG_WARN_EMPTY_BODY = YES;
				CLANG_WARN_ENUM_CONVERSION = YES;
				CLANG_WARN_INFINITE_RECURSION = YES;
				CLANG_WARN_INT_CONVERSION = YES;
				CLANG_WARN_OBJC_ROOT_CLASS = YES_ERROR;
				CLANG_WARN_SUSPICIOUS_MOVE = YES;
				CLANG_WARN_UNREACHABLE_CODE = YES;
				CLANG_WARN__DUPLICATE_METHOD_MATCH = YES;
				"CODE_SIGN_IDENTITY[sdk=iphoneos*]" = "iPhone Developer";
				COPY_PHASE_STRIP = NO;
				DEBUG_INFORMATION_FORMAT = "dwarf-with-dsym";
				ENABLE_NS_ASSERTIONS = NO;
				ENABLE_STRICT_OBJC_MSGSEND = YES;
				GCC_C_LANGUAGE_STANDARD = gnu99;
				GCC_NO_COMMON_BLOCKS = YES;
				GCC_WARN_64_TO_32_BIT_CONVERSION = YES;
				GCC_WARN_ABOUT_RETURN_TYPE = YES_ERROR;
				GCC_WARN_UNDECLARED_SELECTOR = YES;
				GCC_WARN_UNINITIALIZED_AUTOS = YES_AGGRESSIVE;
				GCC_WARN_UNUSED_FUNCTION = YES;
				GCC_WARN_UNUSED_VARIABLE = YES;
				IPHONEOS_DEPLOYMENT_TARGET = 10.2;
				MTL_ENABLE_DEBUG_INFO = NO;
				SDKROOT = iphoneos;
				TARGETED_DEVICE_FAMILY = "1,2";
				VALIDATE_PRODUCT = YES;
			};
			name = Release;
		};
		FB52D2BD1F3864E900F7BDEF /* Debug */ = {
			isa = XCBuildConfiguration;
			baseConfigurationReference = 133829C99F54530377BD20B4 /* Pods-iOSDevAPI.debug.xcconfig */;
			buildSettings = {
				ASSETCATALOG_COMPILER_APPICON_NAME = AppIcon;
				INFOPLIST_FILE = iOSDevAPI/Info.plist;
				LD_RUNPATH_SEARCH_PATHS = "$(inherited) @executable_path/Frameworks";
				PRODUCT_BUNDLE_IDENTIFIER = com.burenkov.iOSDevAPI;
				PRODUCT_NAME = "$(TARGET_NAME)";
			};
			name = Debug;
		};
		FB52D2BE1F3864E900F7BDEF /* Release */ = {
			isa = XCBuildConfiguration;
			baseConfigurationReference = 0DE22B33CD7765C6F4F1B9DE /* Pods-iOSDevAPI.release.xcconfig */;
			buildSettings = {
				ASSETCATALOG_COMPILER_APPICON_NAME = AppIcon;
				INFOPLIST_FILE = iOSDevAPI/Info.plist;
				LD_RUNPATH_SEARCH_PATHS = "$(inherited) @executable_path/Frameworks";
				PRODUCT_BUNDLE_IDENTIFIER = com.burenkov.iOSDevAPI;
				PRODUCT_NAME = "$(TARGET_NAME)";
			};
			name = Release;
		};
/* End XCBuildConfiguration section */

/* Begin XCConfigurationList section */
		FB52D2A01F3864E900F7BDEF /* Build configuration list for PBXProject "iOSDevAPI" */ = {
			isa = XCConfigurationList;
			buildConfigurations = (
				FB52D2BA1F3864E900F7BDEF /* Debug */,
				FB52D2BB1F3864E900F7BDEF /* Release */,
			);
			defaultConfigurationIsVisible = 0;
			defaultConfigurationName = Release;
		};
		FB52D2BC1F3864E900F7BDEF /* Build configuration list for PBXNativeTarget "iOSDevAPI" */ = {
			isa = XCConfigurationList;
			buildConfigurations = (
				FB52D2BD1F3864E900F7BDEF /* Debug */,
				FB52D2BE1F3864E900F7BDEF /* Release */,
			);
			defaultConfigurationIsVisible = 0;
			defaultConfigurationName = Release;
		};
/* End XCConfigurationList section */
	};
	rootObject = FB52D29D1F3864E900F7BDEF /* Project object */;
}
